
Microsoft Visual Studio Solution File, Format Version 12.00
# Visual Studio Version 16
VisualStudioVersion = 25.0.1705.0
MinimumVisualStudioVersion = 10.0.40219.1
Project("{FAE04EC0-301F-11D3-BF4B-00C04F79EFBC}") = "DSCC.API.11456", "DSCC.API.11456\DSCC.API.11456.csproj", "{C5BE1650-3872-4206-8112-E7C4CB077646}"
EndProject
Global
	GlobalSection(SolutionConfigurationPlatforms) = preSolution
		Debug|Any CPU = Debug|Any CPU
		Release|Any CPU = Release|Any CPU
	EndGlobalSection
	GlobalSection(ProjectConfigurationPlatforms) = postSolution
		{C5BE1650-3872-4206-8112-E7C4CB077646}.Debug|Any CPU.ActiveCfg = Debug|Any CPU
		{C5BE1650-3872-4206-8112-E7C4CB077646}.Debug|Any CPU.Build.0 = Debug|Any CPU
		{C5BE1650-3872-4206-8112-E7C4CB077646}.Release|Any CPU.ActiveCfg = Release|Any CPU
		{C5BE1650-3872-4206-8112-E7C4CB077646}.Release|Any CPU.Build.0 = Release|Any CPU
	EndGlobalSection
	GlobalSection(SolutionProperties) = preSolution
		HideSolutionNode = FALSE
	EndGlobalSection
	GlobalSection(ExtensibilityGlobals) = postSolution
		SolutionGuid = {F6DBB5D4-5739-46D9-B2BE-2F26FCA70FCD}
	EndGlobalSection
EndGlobal
